# This file was autogenerated by uv via the following command:
#    uv pip compile pyproject.toml -o requirements.lock --python-version 3.12
aiofiles==25.1.0
    # via aiogram
aiogram==3.31.0
    # via jobingo (pyproject.toml)
aiohappyeyeballs==2.7.1
    # via aiohttp
aiohttp==3.14.3
    # via
    #   jobingo (pyproject.toml)
    #   aiogram
aiosignal==1.4.0
    # via aiohttp
alembic==1.19.1
    # via jobingo (pyproject.toml)
annotated-doc==0.0.5
    # via fastapi
annotated-types==0.8.0
    # via pydantic
anyio==4.14.2
    # via
    #   httpx
    #   starlette
    #   watchfiles
asyncpg==0.31.0
    # via jobingo (pyproject.toml)
attrs==26.1.0
    # via aiohttp
bcrypt==5.0.0
    # via jobingo (pyproject.toml)
certifi==2026.7.22
    # via
    #   aiogram
    #   httpcore
    #   httpx
    #   requests
cffi==2.1.1
    # via cryptography
charset-normalizer==3.5.1
    # via requests
click==8.5.0
    # via uvicorn
cryptography==50.0.1
    # via jobingo (pyproject.toml)
fastapi==0.141.1
    # via jobingo (pyproject.toml)
frozenlist==1.8.0
    # via
    #   aiohttp
    #   aiosignal
googleapis-common-protos==1.75.2
    # via opentelemetry-exporter-otlp-proto-http
greenlet==3.5.5
    # via sqlalchemy
h11==0.16.0
    # via
    #   httpcore
    #   uvicorn
httpcore==1.0.9
    # via httpx
httptools==0.8.0
    # via uvicorn
httpx==0.28.1
    # via jobingo (pyproject.toml)
idna==3.19
    # via
    #   anyio
    #   httpx
    #   requests
    #   yarl
magic-filter==1.0.12
    # via aiogram
mako==1.4.1
    # via alembic
markupsafe==3.0.3
    # via mako
multidict==6.7.1
    # via
    #   aiohttp
    #   yarl
opentelemetry-api==1.44.0
    # via
    #   jobingo (pyproject.toml)
    #   opentelemetry-exporter-otlp-proto-http
    #   opentelemetry-sdk
    #   opentelemetry-semantic-conventions
opentelemetry-exporter-otlp-proto-common==1.44.0
    # via opentelemetry-exporter-otlp-proto-http
opentelemetry-exporter-otlp-proto-http==1.44.0
    # via jobingo (pyproject.toml)
opentelemetry-proto==1.44.0
    # via
    #   opentelemetry-exporter-otlp-proto-common
    #   opentelemetry-exporter-otlp-proto-http
opentelemetry-sdk==1.44.0
    # via
    #   jobingo (pyproject.toml)
    #   opentelemetry-exporter-otlp-proto-http
opentelemetry-semantic-conventions==0.65b0
    # via opentelemetry-sdk
prometheus-client==0.26.0
    # via jobingo (pyproject.toml)
propcache==0.5.2
    # via
    #   aiohttp
    #   yarl
protobuf==7.36.1
    # via
    #   googleapis-common-protos
    #   opentelemetry-proto
psycopg2-binary==2.9.12
    # via jobingo (pyproject.toml)
pycparser==3.0
    # via cffi
pydantic==2.13.5
    # via
    #   aiogram
    #   fastapi
    #   pydantic-settings
pydantic-core==2.46.5
    # via pydantic
pydantic-settings==2.15.0
    # via jobingo (pyproject.toml)
pyotp==2.10.0
    # via jobingo (pyproject.toml)
python-dotenv==1.2.3
    # via
    #   pydantic-settings
    #   uvicorn
pyyaml==6.0.3
    # via uvicorn
redis==8.1.0
    # via jobingo (pyproject.toml)
requests==2.34.2
    # via opentelemetry-exporter-otlp-proto-http
sqlalchemy==2.0.52
    # via alembic
starlette==1.6.0
    # via fastapi
structlog==26.1.0
    # via jobingo (pyproject.toml)
typing-extensions==4.16.0
    # via
    #   aiogram
    #   aiohttp
    #   aiosignal
    #   alembic
    #   anyio
    #   fastapi
    #   opentelemetry-api
    #   opentelemetry-exporter-otlp-proto-http
    #   opentelemetry-sdk
    #   opentelemetry-semantic-conventions
    #   pydantic
    #   pydantic-core
    #   sqlalchemy
    #   starlette
    #   typing-inspection
typing-inspection==0.4.4
    # via
    #   fastapi
    #   pydantic
    #   pydantic-settings
tzdata==2026.3
    # via jobingo (pyproject.toml)
urllib3==2.7.0
    # via requests
uvicorn==0.52.4
    # via jobingo (pyproject.toml)
uvloop==0.22.1
    # via uvicorn
watchfiles==1.2.0
    # via uvicorn
websockets==17.1
    # via uvicorn
yarl==1.24.5
    # via aiohttp
